
Microsoft Visual Studio Solution File, Format Version 12.00
# Visual Studio Version 17
VisualStudioVersion = 17.8.34511.84
MinimumVisualStudioVersion = 10.0.40219.1
Project("{FAE04EC0-301F-11D3-BF4B-00C04F79EFBC}") = "BlazingMe", "BlazingMe\BlazingMe\BlazingMe.csproj", "{D6A4F346-DDDD-48F6-9C7E-1F43C7866B14}"
EndProject
Project("{FAE04EC0-301F-11D3-BF4B-00C04F79EFBC}") = "BlazingMe.Client", "BlazingMe\BlazingMe.Client\BlazingMe.Client.csproj", "{A8042CBB-4967-4709-A210-C9CE447A4451}"
EndProject
Global
	GlobalSection(SolutionConfigurationPlatforms) = preSolution
		Debug|Any CPU = Debug|Any CPU
		Release|Any CPU = Release|Any CPU
	EndGlobalSection
	GlobalSection(ProjectConfigurationPlatforms) = postSolution
		{D6A4F346-DDDD-48F6-9C7E-1F43C7866B14}.Debug|Any CPU.ActiveCfg = Debug|Any CPU
		{D6A4F346-DDDD-48F6-9C7E-1F43C7866B14}.Debug|Any CPU.Build.0 = Debug|Any CPU
		{D6A4F346-DDDD-48F6-9C7E-1F43C7866B14}.Release|Any CPU.ActiveCfg = Release|Any CPU
		{D6A4F346-DDDD-48F6-9C7E-1F43C7866B14}.Release|Any CPU.Build.0 = Release|Any CPU
		{A8042CBB-4967-4709-A210-C9CE447A4451}.Debug|Any CPU.ActiveCfg = Debug|Any CPU
		{A8042CBB-4967-4709-A210-C9CE447A4451}.Debug|Any CPU.Build.0 = Debug|Any CPU
		{A8042CBB-4967-4709-A210-C9CE447A4451}.Release|Any CPU.ActiveCfg = Release|Any CPU
		{A8042CBB-4967-4709-A210-C9CE447A4451}.Release|Any CPU.Build.0 = Release|Any CPU
	EndGlobalSection
	GlobalSection(SolutionProperties) = preSolution
		HideSolutionNode = FALSE
	EndGlobalSection
	GlobalSection(ExtensibilityGlobals) = postSolution
		SolutionGuid = {6DEB866A-54C3-4A07-9901-DA6FC5AD0CFC}
	EndGlobalSection
EndGlobal
